{
  "name": "plex-media-tracker",
  "version": "1.1.0",
  "lockfileVersion": 3,
  "requires": true,
  "packages": {
    "": {
      "name": "plex-media-tracker",
      "version": "1.1.0",
      "dependencies": {
        "sql.js": "^1.14.2"
      },
      "devDependencies": {
        "@types/node": "^24.3.0",
        "@types/sql.js": "^1.4.11",
        "typescript": "^5.9.2"
      },
      "engines": {
        "node": ">=24.0.0"
      }
    },
    "node_modules/@types/emscripten": {
      "version": "1.41.6",
      "resolved": "https://registry.npmjs.org/@types/emscripten/-/emscripten-1.41.6.tgz",
      "integrity": "sha512-uN+9i8bFT5CUcZfyIEYDrSueACEyKGbUs5kC/72DGlZZoinh84sJfVV0i8UOJD1asdzkvLPBRrKs41kZ8MdEXg==",
      "dev": true,
      "license": "MIT"
    },
    "node_modules/@types/node": {
      "version": "24.13.6",
      "resolved": "https://registry.npmjs.org/@types/node/-/node-24.13.6.tgz",
      "integrity": "sha512-SGrw/h3KPFshy3OE6ZL53LMBG5vGQQ8/gIpiqz/kRZhPJ7HgwCEs8LBuNtWLa8dvGZVpSF7+Bf+c11HUrCb/yg==",
      "dev": true,
      "license": "MIT",
      "dependencies": {
        "undici-types": "~7.18.0"
      }
    },
    "node_modules/@types/sql.js": {
      "version": "1.4.11",
      "resolved": "https://registry.npmjs.org/@types/sql.js/-/sql.js-1.4.11.tgz",
      "integrity": "sha512-QXIx38p2ZThJaK9vP5ZdqdlRe1FG9I8SmCZOS7FHfB/2qPAjZwkL7/vlfPg6N/oWHuuOaGg/P/IRwfP2W0kWVQ==",
      "dev": true,
      "license": "MIT",
      "dependencies": {
        "@types/emscripten": "*",
        "@types/node": "*"
      }
    },
    "node_modules/sql.js": {
      "version": "1.14.2",
      "resolved": "https://registry.npmjs.org/sql.js/-/sql.js-1.14.2.tgz",
      "integrity": "sha512-3ZGPovObMFrdw79zrUHbfdE/DLIsy8jdNdssmMSQuRAymedU6q84asPt0kgiqrdMYlPegDItiIMfmIXzZnYFcw==",
      "license": "MIT"
    },
    "node_modules/typescript": {
      "version": "5.9.3",
      "resolved": "https://registry.npmjs.org/typescript/-/typescript-5.9.3.tgz",
      "integrity": "sha512-jl1vZzPDinLr9eUt3J/t7V6FgNEw9QjvBPdysz9KfQDD41fQrC2Y4vKQdiaUpFT4bXlb1RHhLpp8wtm6M5TgSw==",
      "dev": true,
      "license": "Apache-2.0",
      "bin": {
        "tsc": "bin/tsc",
        "tsserver": "bin/tsserver"
      },
      "engines": {
        "node": ">=14.17"
      }
    },
    "node_modules/undici-types": {
      "version": "7.18.2",
      "resolved": "https://registry.npmjs.org/undici-types/-/undici-types-7.18.2.tgz",
      "integrity": "sha512-AsuCzffGHJybSaRrmr5eHr81mwJU3kjw6M+uprWvCXiNeN9SOGwQ3Jn8jb8m3Z6izVgknn1R0FTCEAP2QrLY/w==",
      "dev": true,
      "license": "MIT"
    }
  }
}
